
Microsoft Visual Studio Solution File, Format Version 12.00
# Visual Studio Version 17
VisualStudioVersion = 17.1.32210.238
MinimumVisualStudioVersion = 10.0.40219.1
Project("{9A19103F-16F7-4668-BE54-9A1E7A4F7556}") = "GreatLeaderXiBot", "GreatLeaderXiBot\GreatLeaderXiBot.csproj", "{71664FC4-01AF-4250-90C2-9806C2F27B38}"
EndProject
Project("{9A19103F-16F7-4668-BE54-9A1E7A4F7556}") = "GreatLeaderXiBot.Common", "GreatLeaderXiBot.Common\GreatLeaderXiBot.Common.csproj", "{25254CBF-F0AF-430E-B06A-4E2C5B6C568A}"
EndProject
Project("{9A19103F-16F7-4668-BE54-9A1E7A4F7556}") = "GreatLeaderXiBot.Domain", "GreatLeaderXiBot.Domain\GreatLeaderXiBot.Domain.csproj", "{8517180A-ED29-4045-A4ED-7F86615C1CFE}"
EndProject
Project("{9A19103F-16F7-4668-BE54-9A1E7A4F7556}") = "GreatLeaderXiBot.Domain.Core", "GreatLeaderXiBot.Domain.Core\GreatLeaderXiBot.Domain.Core.csproj", "{A2ACF7C2-FDFA-4904-90A0-FF7F6946A6E7}"
EndProject
Project("{9A19103F-16F7-4668-BE54-9A1E7A4F7556}") = "GreatLeaderXiBot.Infrastructure", "GreatLeaderXiBot.Infrastructure\GreatLeaderXiBot.Infrastructure.csproj", "{897D790E-BDFB-44E2-AA6C-D78CDCB7DCA1}"
EndProject
Project("{9A19103F-16F7-4668-BE54-9A1E7A4F7556}") = "GreatLeaderXiBot.Domain.Telegram", "GreatLeaderXiBot.Domain.Telegram\GreatLeaderXiBot.Domain.Telegram.csproj", "{03899F4B-2A3C-4AB0-9CEE-62E32D4DC68D}"
EndProject
Global
	GlobalSection(SolutionConfigurationPlatforms) = preSolution
		Debug|Any CPU = Debug|Any CPU
		Release|Any CPU = Release|Any CPU
	EndGlobalSection
	GlobalSection(ProjectConfigurationPlatforms) = postSolution
		{71664FC4-01AF-4250-90C2-9806C2F27B38}.Debug|Any CPU.ActiveCfg = Debug|Any CPU
		{71664FC4-01AF-4250-90C2-9806C2F27B38}.Debug|Any CPU.Build.0 = Debug|Any CPU
		{71664FC4-01AF-4250-90C2-9806C2F27B38}.Release|Any CPU.ActiveCfg = Release|Any CPU
		{71664FC4-01AF-4250-90C2-9806C2F27B38}.Release|Any CPU.Build.0 = Release|Any CPU
		{25254CBF-F0AF-430E-B06A-4E2C5B6C568A}.Debug|Any CPU.ActiveCfg = Debug|Any CPU
		{25254CBF-F0AF-430E-B06A-4E2C5B6C568A}.Debug|Any CPU.Build.0 = Debug|Any CPU
		{25254CBF-F0AF-430E-B06A-4E2C5B6C568A}.Release|Any CPU.ActiveCfg = Release|Any CPU
		{25254CBF-F0AF-430E-B06A-4E2C5B6C568A}.Release|Any CPU.Build.0 = Release|Any CPU
		{8517180A-ED29-4045-A4ED-7F86615C1CFE}.Debug|Any CPU.ActiveCfg = Debug|Any CPU
		{8517180A-ED29-4045-A4ED-7F86615C1CFE}.Debug|Any CPU.Build.0 = Debug|Any CPU
		{8517180A-ED29-4045-A4ED-7F86615C1CFE}.Release|Any CPU.ActiveCfg = Release|Any CPU
		{8517180A-ED29-4045-A4ED-7F86615C1CFE}.Release|Any CPU.Build.0 = Release|Any CPU
		{A2ACF7C2-FDFA-4904-90A0-FF7F6946A6E7}.Debug|Any CPU.ActiveCfg = Debug|Any CPU
		{A2ACF7C2-FDFA-4904-90A0-FF7F6946A6E7}.Debug|Any CPU.Build.0 = Debug|Any CPU
		{A2ACF7C2-FDFA-4904-90A0-FF7F6946A6E7}.Release|Any CPU.ActiveCfg = Release|Any CPU
		{A2ACF7C2-FDFA-4904-90A0-FF7F6946A6E7}.Release|Any CPU.Build.0 = Release|Any CPU
		{897D790E-BDFB-44E2-AA6C-D78CDCB7DCA1}.Debug|Any CPU.ActiveCfg = Debug|Any CPU
		{897D790E-BDFB-44E2-AA6C-D78CDCB7DCA1}.Debug|Any CPU.Build.0 = Debug|Any CPU
		{897D790E-BDFB-44E2-AA6C-D78CDCB7DCA1}.Release|Any CPU.ActiveCfg = Release|Any CPU
		{897D790E-BDFB-44E2-AA6C-D78CDCB7DCA1}.Release|Any CPU.Build.0 = Release|Any CPU
		{03899F4B-2A3C-4AB0-9CEE-62E32D4DC68D}.Debug|Any CPU.ActiveCfg = Debug|Any CPU
		{03899F4B-2A3C-4AB0-9CEE-62E32D4DC68D}.Debug|Any CPU.Build.0 = Debug|Any CPU
		{03899F4B-2A3C-4AB0-9CEE-62E32D4DC68D}.Release|Any CPU.ActiveCfg = Release|Any CPU
		{03899F4B-2A3C-4AB0-9CEE-62E32D4DC68D}.Release|Any CPU.Build.0 = Release|Any CPU
	EndGlobalSection
	GlobalSection(SolutionProperties) = preSolution
		HideSolutionNode = FALSE
	EndGlobalSection
	GlobalSection(ExtensibilityGlobals) = postSolution
		SolutionGuid = {E57E0E6A-46EB-48CD-BC30-A8976BA5862E}
	EndGlobalSection
EndGlobal
